
Microsoft Visual Studio Solution File, Format Version 12.00
# Visual Studio Version 16
VisualStudioVersion = 16.0.29418.71
MinimumVisualStudioVersion = 10.0.40219.1
Project("{FAE04EC0-301F-11D3-BF4B-00C04F79EFBC}") = "StudentGradeDemo", "StudentGradeDemo\StudentGradeDemo.csproj", "{CDDB0512-C062-441E-A705-AE030A5BF22D}"
EndProject
Global
	GlobalSection(SolutionConfigurationPlatforms) = preSolution
		Debug|Any CPU = Debug|Any CPU
		Release|Any CPU = Release|Any CPU
	EndGlobalSection
	GlobalSection(ProjectConfigurationPlatforms) = postSolution
		{CDDB0512-C062-441E-A705-AE030A5BF22D}.Debug|Any CPU.ActiveCfg = Debug|Any CPU
		{CDDB0512-C062-441E-A705-AE030A5BF22D}.Debug|Any CPU.Build.0 = Debug|Any CPU
		{CDDB0512-C062-441E-A705-AE030A5BF22D}.Release|Any CPU.ActiveCfg = Release|Any CPU
		{CDDB0512-C062-441E-A705-AE030A5BF22D}.Release|Any CPU.Build.0 = Release|Any CPU
	EndGlobalSection
	GlobalSection(SolutionProperties) = preSolution
		HideSolutionNode = FALSE
	EndGlobalSection
	GlobalSection(ExtensibilityGlobals) = postSolution
		SolutionGuid = {1962C821-0977-4426-BBFC-3F7DACD4D588}
	EndGlobalSection
EndGlobal
